
Microsoft Visual Studio Solution File, Format Version 12.00
# Visual Studio Version 16
VisualStudioVersion = 16.0.30225.117
MinimumVisualStudioVersion = 10.0.40219.1
Project("{FAE04EC0-301F-11D3-BF4B-00C04F79EFBC}") = "TheTopPost", "..\MVCPost\TheTopPost\TheTopPost.csproj", "{0F84231D-C262-453D-8277-9A36697DCE37}"
EndProject
Global
	GlobalSection(SolutionConfigurationPlatforms) = preSolution
		Debug|Any CPU = Debug|Any CPU
		Release|Any CPU = Release|Any CPU
	EndGlobalSection
	GlobalSection(ProjectConfigurationPlatforms) = postSolution
		{0F84231D-C262-453D-8277-9A36697DCE37}.Debug|Any CPU.ActiveCfg = Debug|Any CPU
		{0F84231D-C262-453D-8277-9A36697DCE37}.Debug|Any CPU.Build.0 = Debug|Any CPU
		{0F84231D-C262-453D-8277-9A36697DCE37}.Release|Any CPU.ActiveCfg = Release|Any CPU
		{0F84231D-C262-453D-8277-9A36697DCE37}.Release|Any CPU.Build.0 = Release|Any CPU
	EndGlobalSection
	GlobalSection(SolutionProperties) = preSolution
		HideSolutionNode = FALSE
	EndGlobalSection
	GlobalSection(ExtensibilityGlobals) = postSolution
		SolutionGuid = {A15A3BD7-5F8F-4614-9378-FA8E7927CA90}
	EndGlobalSection
EndGlobal
